
Microsoft Visual Studio Solution File, Format Version 11.00
# Visual Studio 2010
Project("{FAE04EC0-301F-11D3-BF4B-00C04F79EFBC}") = "BookAssistant", "BookAssistant\BookAssistant.csproj", "{0DCB6BF9-D54A-40CD-93D8-F1AAA408D3F4}"
EndProject
Project("{FAE04EC0-301F-11D3-BF4B-00C04F79EFBC}") = "CsvLib", "CsvLib\CsvLib.csproj", "{564FCB82-B0E6-490B-87BC-71D01763C28C}"
EndProject
Project("{FAE04EC0-301F-11D3-BF4B-00C04F79EFBC}") = "LitJson", "litjsonmd\LitJson.csproj", "{D50C3DBE-8287-4474-AE0B-DCD696E9A63E}"
EndProject
Global
	GlobalSection(SolutionConfigurationPlatforms) = preSolution
		Debug|Any CPU = Debug|Any CPU
		Release|Any CPU = Release|Any CPU
	EndGlobalSection
	GlobalSection(ProjectConfigurationPlatforms) = postSolution
		{0DCB6BF9-D54A-40CD-93D8-F1AAA408D3F4}.Debug|Any CPU.ActiveCfg = Debug|Any CPU
		{0DCB6BF9-D54A-40CD-93D8-F1AAA408D3F4}.Debug|Any CPU.Build.0 = Debug|Any CPU
		{0DCB6BF9-D54A-40CD-93D8-F1AAA408D3F4}.Release|Any CPU.ActiveCfg = Release|Any CPU
		{0DCB6BF9-D54A-40CD-93D8-F1AAA408D3F4}.Release|Any CPU.Build.0 = Release|Any CPU
		{564FCB82-B0E6-490B-87BC-71D01763C28C}.Debug|Any CPU.ActiveCfg = Debug|Any CPU
		{564FCB82-B0E6-490B-87BC-71D01763C28C}.Debug|Any CPU.Build.0 = Debug|Any CPU
		{564FCB82-B0E6-490B-87BC-71D01763C28C}.Release|Any CPU.ActiveCfg = Release|Any CPU
		{564FCB82-B0E6-490B-87BC-71D01763C28C}.Release|Any CPU.Build.0 = Release|Any CPU
		{D50C3DBE-8287-4474-AE0B-DCD696E9A63E}.Debug|Any CPU.ActiveCfg = Debug|Any CPU
		{D50C3DBE-8287-4474-AE0B-DCD696E9A63E}.Debug|Any CPU.Build.0 = Debug|Any CPU
		{D50C3DBE-8287-4474-AE0B-DCD696E9A63E}.Release|Any CPU.ActiveCfg = Release|Any CPU
		{D50C3DBE-8287-4474-AE0B-DCD696E9A63E}.Release|Any CPU.Build.0 = Release|Any CPU
	EndGlobalSection
	GlobalSection(SolutionProperties) = preSolution
		HideSolutionNode = FALSE
	EndGlobalSection
EndGlobal
